PODS:
  - Flutter (1.0.0)
  - integration_test (0.0.1):
    - Flutter
  - "m2m_plugin (1.0.0+1)":
    - Flutter

DEPENDENCIES:
  - Flutter (from `Flutter`)
  - integration_test (from `.symlinks/plugins/integration_test/ios`)
  - m2m_plugin (from `.symlinks/plugins/m2m_plugin/ios`)

EXTERNAL SOURCES:
  Flutter:
    :path: Flutter
  integration_test:
    :path: ".symlinks/plugins/integration_test/ios"
  m2m_plugin:
    :path: ".symlinks/plugins/m2m_plugin/ios"

SPEC CHECKSUMS:
  Flutter: f04841e97a9d0b0a8025694d0796dd46242b2854
  integration_test: 13825b8a9334a850581300559b8839134b124670
  m2m_plugin: 4aaa8f7898a1f9c40752ec2c8ff6e70d8fd9a092

PODFILE CHECKSUM: 70d9d25280d0dd177a5f637cdb0f0b0b12c6a189

COCOAPODS: 1.14.3
